
Microsoft Visual Studio Solution File, Format Version 12.00
# Visual Studio 15
VisualStudioVersion = 15.0.26730.3
MinimumVisualStudioVersion = 10.0.40219.1
Project("{FAE04EC0-301F-11D3-BF4B-00C04F79EFBC}") = "Weighted Randomizer", "Weighted Randomizer\Weighted Randomizer.csproj", "{1245BC96-2F42-404C-9F11-65A4326299D6}"
EndProject
Project("{FAE04EC0-301F-11D3-BF4B-00C04F79EFBC}") = "Weighted Randomizer Tests", "Weighted Randomizer Tests\Weighted Randomizer Tests.csproj", "{D6124895-8A5E-41B1-898C-CB95AA9C7218}"
EndProject
Project("{FAE04EC0-301F-11D3-BF4B-00C04F79EFBC}") = "Weighted Randomized Net Standard", "Weighted Randomized Net Standard\Weighted Randomized Net Standard.csproj", "{7011FB30-094B-4C12-BE7C-1CFCEB1023F9}"
EndProject
Global
	GlobalSection(SolutionConfigurationPlatforms) = preSolution
		Debug|Any CPU = Debug|Any CPU
		Release|Any CPU = Release|Any CPU
	EndGlobalSection
	GlobalSection(ProjectConfigurationPlatforms) = postSolution
		{1245BC96-2F42-404C-9F11-65A4326299D6}.Debug|Any CPU.ActiveCfg = Debug|Any CPU
		{1245BC96-2F42-404C-9F11-65A4326299D6}.Debug|Any CPU.Build.0 = Debug|Any CPU
		{1245BC96-2F42-404C-9F11-65A4326299D6}.Release|Any CPU.ActiveCfg = Release|Any CPU
		{1245BC96-2F42-404C-9F11-65A4326299D6}.Release|Any CPU.Build.0 = Release|Any CPU
		{D6124895-8A5E-41B1-898C-CB95AA9C7218}.Debug|Any CPU.ActiveCfg = Debug|Any CPU
		{D6124895-8A5E-41B1-898C-CB95AA9C7218}.Debug|Any CPU.Build.0 = Debug|Any CPU
		{D6124895-8A5E-41B1-898C-CB95AA9C7218}.Release|Any CPU.ActiveCfg = Release|Any CPU
		{D6124895-8A5E-41B1-898C-CB95AA9C7218}.Release|Any CPU.Build.0 = Release|Any CPU
		{7011FB30-094B-4C12-BE7C-1CFCEB1023F9}.Debug|Any CPU.ActiveCfg = Debug|Any CPU
		{7011FB30-094B-4C12-BE7C-1CFCEB1023F9}.Debug|Any CPU.Build.0 = Debug|Any CPU
		{7011FB30-094B-4C12-BE7C-1CFCEB1023F9}.Release|Any CPU.ActiveCfg = Release|Any CPU
		{7011FB30-094B-4C12-BE7C-1CFCEB1023F9}.Release|Any CPU.Build.0 = Release|Any CPU
	EndGlobalSection
	GlobalSection(SolutionProperties) = preSolution
		HideSolutionNode = FALSE
	EndGlobalSection
	GlobalSection(ExtensibilityGlobals) = postSolution
		SolutionGuid = {3BE84B28-B699-4BCF-B849-9C912C62B31A}
	EndGlobalSection
EndGlobal
